// !$*UTF8*$!
{
	archiveVersion = 1;
	classes = {
	};
	objectVersion = 48;
	objects = {

/* Begin PBXBuildFile section */
		7A1F7C642028110E00F9D809 /* AppDelegate.swift in Sources */ = {isa = PBXBuildFile; fileRef = 7A1F7C632028110E00F9D809 /* AppDelegate.swift */; };
		7A1F7C662028110E00F9D809 /* ViewController.swift in Sources */ = {isa = PBXBuildFile; fileRef = 7A1F7C652028110E00F9D809 /* ViewController.swift */; };
		7A1F7C692028110E00F9D809 /* Main.storyboard in Resources */ = {isa = PBXBuildFile; fileRef = 7A1F7C672028110E00F9D809 /* Main.storyboard */; };
		7A1F7C6B2028110E00F9D809 /* Assets.xcassets in Resources */ = {isa = PBXBuildFile; fileRef = 7A1F7C6A2028110E00F9D809 /* Assets.xcassets */; };
		7A1F7C6E2028110E00F9D809 /* LaunchScreen.storyboard in Resources */ = {isa = PBXBuildFile; fileRef = 7A1F7C6C2028110E00F9D809 /* LaunchScreen.storyboard */; };
		7A1F7C792028110E00F9D809 /* ScientificCalculatorTests.swift in Sources */ = {isa = PBXBuildFile; fileRef = 7A1F7C782028110E00F9D809 /* ScientificCalculatorTests.swift */; };
		7A1F7C842028110E00F9D809 /* ScientificCalculatorUITests.swift in Sources */ = {isa = PBXBuildFile; fileRef = 7A1F7C832028110E00F9D809 /* ScientificCalculatorUITests.swift */; };
		7A6E647B20456E7300015672 /* HelpingFunctions.swift in Sources */ = {isa = PBXBuildFile; fileRef = 7A6E647A20456E7300015672 /* HelpingFunctions.swift */; };
/* End PBXBuildFile section */

/* Begin PBXContainerItemProxy section */
		7A1F7C752028110E00F9D809 /* PBXContainerItemProxy */ = {
			isa = PBXContainerItemProxy;
			containerPortal = 7A1F7C582028110E00F9D809 /* Project object */;
			proxyType = 1;
			remoteGlobalIDString = 7A1F7C5F2028110E00F9D809;
			remoteInfo = ScientificCalculator;
		};
		7A1F7C802028110E00F9D809 /* PBXContainerItemProxy */ = {
			isa = PBXContainerItemProxy;
			containerPortal = 7A1F7C582028110E00F9D809 /* Project object */;
			proxyType = 1;
			remoteGlobalIDString = 7A1F7C5F2028110E00F9D809;
			remoteInfo = ScientificCalculator;
		};
/* End PBXContainerItemProxy section */

/* Begin PBXFileReference section */
		7A1F7C602028110E00F9D809 /* ScientificCalculator.app */ = {isa = PBXFileReference; explicitFileType = wrapper.application; includeInIndex = 0; path = ScientificCalculator.app; sourceTree = BUILT_PRODUCTS_DIR; };
		7A1F7C632028110E00F9D809 /* AppDelegate.swift */ = {isa = PBXFileReference; lastKnownFileType = sourcecode.swift; path = AppDelegate.swift; sourceTree = "<group>"; };
		7A1F7C652028110E00F9D809 /* ViewController.swift */ = {isa = PBXFileReference; lastKnownFileType = sourcecode.swift; path = ViewController.swift; sourceTree = "<group>"; };
		7A1F7C682028110E00F9D809 /* Base */ = {isa = PBXFileReference; lastKnownFileType = file.storyboard; name = Base; path = Base.lproj/Main.storyboard; sourceTree = "<group>"; };
		7A1F7C6A2028110E00F9D809 /* Assets.xcassets */ = {isa = PBXFileReference; lastKnownFileType = folder.assetcatalog; path = Assets.xcassets; sourceTree = "<group>"; };
		7A1F7C6D2028110E00F9D809 /* Base */ = {isa = PBXFileReference; lastKnownFileType = file.storyboard; name = Base; path = Base.lproj/LaunchScreen.storyboard; sourceTree = "<group>"; };
		7A1F7C6F2028110E00F9D809 /* Info.plist */ = {isa = PBXFileReference; lastKnownFileType = text.plist.xml; path = Info.plist; sourceTree = "<group>"; };
		7A1F7C742028110E00F9D809 /* ScientificCalculatorTests.xctest */ = {isa = PBXFileReference; explicitFileType = wrapper.cfbundle; includeInIndex = 0; path = ScientificCalculatorTests.xctest; sourceTree = BUILT_PRODUCTS_DIR; };
		7A1F7C782028110E00F9D809 /* ScientificCalculatorTests.swift */ = {isa = PBXFileReference; lastKnownFileType = sourcecode.swift; path = ScientificCalculatorTests.swift; sourceTree = "<group>"; };
		7A1F7C7A2028110E00F9D809 /* Info.plist */ = {isa = PBXFileReference; lastKnownFileType = text.plist.xml; path = Info.plist; sourceTree = "<group>"; };
		7A1F7C7F2028110E00F9D809 /* ScientificCalculatorUITests.xctest */ = {isa = PBXFileReference; explicitFileType = wrapper.cfbundle; includeInIndex = 0; path = ScientificCalculatorUITests.xctest; sourceTree = BUILT_PRODUCTS_DIR; };
		7A1F7C832028110E00F9D809 /* ScientificCalculatorUITests.swift */ = {isa = PBXFileReference; lastKnownFileType = sourcecode.swift; path = ScientificCalculatorUITests.swift; sourceTree = "<group>"; };
		7A1F7C852028110E00F9D809 /* Info.plist */ = {isa = PBXFileReference; lastKnownFileType = text.plist.xml; path = Info.plist; sourceTree = "<group>"; };
		7A6E647A20456E7300015672 /* HelpingFunctions.swift */ = {isa = PBXFileReference; lastKnownFileType = sourcecode.swift; path = HelpingFunctions.swift; sourceTree = "<group>"; };
/* End PBXFileReference section */

/* Begin PBXFrameworksBuildPhase section */
		7A1F7C5D2028110E00F9D809 /* Frameworks */ = {
			isa = PBXFrameworksBuildPhase;
			buildActionMask = 2147483647;
			files = (
			);
			runOnlyForDeploymentPostprocessing = 0;
		};
		7A1F7C712028110E00F9D809 /* Frameworks */ = {
			isa = PBXFrameworksBuildPhase;
			buildActionMask = 2147483647;
			files = (
			);
			runOnlyForDeploymentPostprocessing = 0;
		};
		7A1F7C7C2028110E00F9D809 /* Frameworks */ = {
			isa = PBXFrameworksBuildPhase;
			buildActionMask = 2147483647;
			files = (
			);
			runOnlyForDeploymentPostprocessing = 0;
		};
/* End PBXFrameworksBuildPhase section */

/* Begin PBXGroup section */
		7A1F7C572028110E00F9D809 = {
			isa = PBXGroup;
			children = (
				7A1F7C622028110E00F9D809 /* ScientificCalculator */,
				7A1F7C772028110E00F9D809 /* ScientificCalculatorTests */,
				7A1F7C822028110E00F9D809 /* ScientificCalculatorUITests */,
				7A1F7C612028110E00F9D809 /* Products */,
			);
			sourceTree = "<group>";
		};
		7A1F7C612028110E00F9D809 /* Products */ = {
			isa = PBXGroup;
			children = (
				7A1F7C602028110E00F9D809 /* ScientificCalculator.app */,
				7A1F7C742028110E00F9D809 /* ScientificCalculatorTests.xctest */,
				7A1F7C7F2028110E00F9D809 /* ScientificCalculatorUITests.xctest */,
			);
			name = Products;
			sourceTree = "<group>";
		};
		7A1F7C622028110E00F9D809 /* ScientificCalculator */ = {
			isa = PBXGroup;
			children = (
				7A1F7C632028110E00F9D809 /* AppDelegate.swift */,
				7A1F7C652028110E00F9D809 /* ViewController.swift */,
				7A6E647A20456E7300015672 /* HelpingFunctions.swift */,
				7A1F7C672028110E00F9D809 /* Main.storyboard */,
				7A1F7C6A2028110E00F9D809 /* Assets.xcassets */,
				7A1F7C6C2028110E00F9D809 /* LaunchScreen.storyboard */,
				7A1F7C6F2028110E00F9D809 /* Info.plist */,
			);
			path = ScientificCalculator;
			sourceTree = "<group>";
		};
		7A1F7C772028110E00F9D809 /* ScientificCalculatorTests */ = {
			isa = PBXGroup;
			children = (
				7A1F7C782028110E00F9D809 /* ScientificCalculatorTests.swift */,
				7A1F7C7A2028110E00F9D809 /* Info.plist */,
			);
			path = ScientificCalculatorTests;
			sourceTree = "<group>";
		};
		7A1F7C822028110E00F9D809 /* ScientificCalculatorUITests */ = {
			isa = PBXGroup;
			children = (
				7A1F7C832028110E00F9D809 /* ScientificCalculatorUITests.swift */,
				7A1F7C852028110E00F9D809 /* Info.plist */,
			);
			path = ScientificCalculatorUITests;
			sourceTree = "<group>";
		};
/* End PBXGroup section */

/* Begin PBXNativeTarget section */
		7A1F7C5F2028110E00F9D809 /* ScientificCalculator */ = {
			isa = PBXNativeTarget;
			buildConfigurationList = 7A1F7C882028110E00F9D809 /* Build configuration list for PBXNativeTarget "ScientificCalculator" */;
			buildPhases = (
				7A1F7C5C2028110E00F9D809 /* Sources */,
				7A1F7C5D2028110E00F9D809 /* Frameworks */,
				7A1F7C5E2028110E00F9D809 /* Resources */,
			);
			buildRules = (
			);
			dependencies = (
			);
			name = ScientificCalculator;
			productName = ScientificCalculator;
			productReference = 7A1F7C602028110E00F9D809 /* ScientificCalculator.app */;
			productType = "com.apple.product-type.application";
		};
		7A1F7C732028110E00F9D809 /* ScientificCalculatorTests */ = {
			isa = PBXNativeTarget;
			buildConfigurationList = 7A1F7C8B2028110E00F9D809 /* Build configuration list for PBXNativeTarget "ScientificCalculatorTests" */;
			buildPhases = (
				7A1F7C702028110E00F9D809 /* Sources */,
				7A1F7C712028110E00F9D809 /* Frameworks */,
				7A1F7C722028110E00F9D809 /* Resources */,
			);
			buildRules = (
			);
			dependencies = (
				7A1F7C762028110E00F9D809 /* PBXTargetDependency */,
			);
			name = ScientificCalculatorTests;
			productName = ScientificCalculatorTests;
			productReference = 7A1F7C742028110E00F9D809 /* ScientificCalculatorTests.xctest */;
			productType = "com.apple.product-type.bundle.unit-test";
		};
		7A1F7C7E2028110E00F9D809 /* ScientificCalculatorUITests */ = {
			isa = PBXNativeTarget;
			buildConfigurationList = 7A1F7C8E2028110E00F9D809 /* Build configuration list for PBXNativeTarget "ScientificCalculatorUITests" */;
			buildPhases = (
				7A1F7C7B2028110E00F9D809 /* Sources */,
				7A1F7C7C2028110E00F9D809 /* Frameworks */,
				7A1F7C7D2028110E00F9D809 /* Resources */,
			);
			buildRules = (
			);
			dependencies = (
				7A1F7C812028110E00F9D809 /* PBXTargetDependency */,
			);
			name = ScientificCalculatorUITests;
			productName = ScientificCalculatorUITests;
			productReference = 7A1F7C7F2028110E00F9D809 /* ScientificCalculatorUITests.xctest */;
			productType = "com.apple.product-type.bundle.ui-testing";
		};
/* End PBXNativeTarget section */

/* Begin PBXProject section */
		7A1F7C582028110E00F9D809 /* Project object */ = {
			isa = PBXProject;
			attributes = {
				LastSwiftUpdateCheck = 0920;
				LastUpgradeCheck = 0920;
				ORGANIZATIONNAME = "Grant Gaurav";
				TargetAttributes = {
					7A1F7C5F2028110E00F9D809 = {
						CreatedOnToolsVersion = 9.2;
						ProvisioningStyle = Automatic;
					};
					7A1F7C732028110E00F9D809 = {
						CreatedOnToolsVersion = 9.2;
						ProvisioningStyle = Automatic;
						TestTargetID = 7A1F7C5F2028110E00F9D809;
					};
					7A1F7C7E2028110E00F9D809 = {
						CreatedOnToolsVersion = 9.2;
						ProvisioningStyle = Automatic;
						TestTargetID = 7A1F7C5F2028110E00F9D809;
					};
				};
			};
			buildConfigurationList = 7A1F7C5B2028110E00F9D809 /* Build configuration list for PBXProject "ScientificCalculator" */;
			compatibilityVersion = "Xcode 8.0";
			developmentRegion = en;
			hasScannedForEncodings = 0;
			knownRegions = (
				en,
				Base,
			);
			mainGroup = 7A1F7C572028110E00F9D809;
			productRefGroup = 7A1F7C612028110E00F9D809 /* Products */;
			projectDirPath = "";
			projectRoot = "";
			targets = (
				7A1F7C5F2028110E00F9D809 /* ScientificCalculator */,
				7A1F7C732028110E00F9D809 /* ScientificCalculatorTests */,
				7A1F7C7E2028110E00F9D809 /* ScientificCalculatorUITests */,
			);
		};
/* End PBXProject section */

/* Begin PBXResourcesBuildPhase section */
		7A1F7C5E2028110E00F9D809 /* Resources */ = {
			isa = PBXResourcesBuildPhase;
			buildActionMask = 2147483647;
			files = (
				7A1F7C6E2028110E00F9D809 /* LaunchScreen.storyboard in Resources */,
				7A1F7C6B2028110E00F9D809 /* Assets.xcassets in Resources */,
				7A1F7C692028110E00F9D809 /* Main.storyboard in Resources */,
			);
			runOnlyForDeploymentPostprocessing = 0;
		};
		7A1F7C722028110E00F9D809 /* Resources */ = {
			isa = PBXResourcesBuildPhase;
			buildActionMask = 2147483647;
			files = (
			);
			runOnlyForDeploymentPostprocessing = 0;
		};
		7A1F7C7D2028110E00F9D809 /* Resources */ = {
			isa = PBXResourcesBuildPhase;
			buildActionMask = 2147483647;
			files = (
			);
			runOnlyForDeploymentPostprocessing = 0;
		};
/* End PBXResourcesBuildPhase section */

/* Begin PBXSourcesBuildPhase section */
		7A1F7C5C2028110E00F9D809 /* Sources */ = {
			isa = PBXSourcesBuildPhase;
			buildActionMask = 2147483647;
			files = (
				7A1F7C662028110E00F9D809 /* ViewController.swift in Sources */,
				7A1F7C642028110E00F9D809 /* AppDelegate.swift in Sources */,
				7A6E647B20456E7300015672 /* HelpingFunctions.swift in Sources */,
			);
			runOnlyForDeploymentPostprocessing = 0;
		};
		7A1F7C702028110E00F9D809 /* Sources */ = {
			isa = PBXSourcesBuildPhase;
			buildActionMask = 2147483647;
			files = (
				7A1F7C792028110E00F9D809 /* ScientificCalculatorTests.swift in Sources */,
			);
			runOnlyForDeploymentPostprocessing = 0;
		};
		7A1F7C7B2028110E00F9D809 /* Sources */ = {
			isa = PBXSourcesBuildPhase;
			buildActionMask = 2147483647;
			files = (
				7A1F7C842028110E00F9D809 /* ScientificCalculatorUITests.swift in Sources */,
			);
			runOnlyForDeploymentPostprocessing = 0;
		};
/* End PBXSourcesBuildPhase section */

/* Begin PBXTargetDependency section */
		7A1F7C762028110E00F9D809 /* PBXTargetDependency */ = {
			isa = PBXTargetDependency;
			target = 7A1F7C5F2028110E00F9D809 /* ScientificCalculator */;
			targetProxy = 7A1F7C752028110E00F9D809 /* PBXContainerItemProxy */;
		};
		7A1F7C812028110E00F9D809 /* PBXTargetDependency */ = {
			isa = PBXTargetDependency;
			target = 7A1F7C5F2028110E00F9D809 /* ScientificCalculator */;
			targetProxy = 7A1F7C802028110E00F9D809 /* PBXContainerItemProxy */;
		};
/* End PBXTargetDependency section */

/* Begin PBXVariantGroup section */
		7A1F7C672028110E00F9D809 /* Main.storyboard */ = {
			isa = PBXVariantGroup;
			children = (
				7A1F7C682028110E00F9D809 /* Base */,
			);
			name = Main.storyboard;
			sourceTree = "<group>";
		};
		7A1F7C6C2028110E00F9D809 /* LaunchScreen.storyboard */ = {
			isa = PBXVariantGroup;
			children = (
				7A1F7C6D2028110E00F9D809 /* Base */,
			);
			name = LaunchScreen.storyboard;
			sourceTree = "<group>";
		};
/* End PBXVariantGroup section */

/* Begin XCBuildConfiguration section */
		7A1F7C862028110E00F9D809 /* Debug */ = {
			isa = XCBuildConfiguration;
			buildSettings = {
				ALWAYS_SEARCH_USER_PATHS = NO;
				CLANG_ANALYZER_NONNULL = YES;
				CLANG_ANALYZER_NUMBER_OBJECT_CONVERSION = YES_AGGRESSIVE;
				CLANG_CXX_LANGUAGE_STANDARD = "gnu++14";
				CLANG_CXX_LIBRARY = "libc++";
				CLANG_ENABLE_MODULES = YES;
				CLANG_ENABLE_OBJC_ARC = YES;
				CLANG_WARN_BLOCK_CAPTURE_AUTORELEASING = YES;
				CLANG_WARN_BOOL_CONVERSION = YES;
				CLANG_WARN_COMMA = YES;
				CLANG_WARN_CONSTANT_CONVERSION = YES;
				CLANG_WARN_DIRECT_OBJC_ISA_USAGE = YES_ERROR;
				CLANG_WARN_DOCUMENTATION_COMMENTS = YES;
				CLANG_WARN_EMPTY_BODY = YES;
				CLANG_WARN_ENUM_CONVERSION = YES;
				CLANG_WARN_INFINITE_RECURSION = YES;
				CLANG_WARN_INT_CONVERSION = YES;
				CLANG_WARN_NON_LITERAL_NULL_CONVERSION = YES;
				CLANG_WARN_OBJC_LITERAL_CONVERSION = YES;
				CLANG_WARN_OBJC_ROOT_CLASS = YES_ERROR;
				CLANG_WARN_RANGE_LOOP_ANALYSIS = YES;
				CLANG_WARN_STRICT_PROTOTYPES = YES;
				CLANG_WARN_SUSPICIOUS_MOVE = YES;
				CLANG_WARN_UNGUARDED_AVAILABILITY = YES_AGGRESSIVE;
				CLANG_WARN_UNREACHABLE_CODE = YES;
				CLANG_WARN__DUPLICATE_METHOD_MATCH = YES;
				CODE_SIGN_IDENTITY = "iPhone Developer";
				COPY_PHASE_STRIP = NO;
				DEBUG_INFORMATION_FORMAT = dwarf;
				ENABLE_STRICT_OBJC_MSGSEND = YES;
				ENABLE_TESTABILITY = YES;
				GCC_C_LANGUAGE_STANDARD = gnu11;
				GCC_DYNAMIC_NO_PIC = NO;
				GCC_NO_COMMON_BLOCKS = YES;
				GCC_OPTIMIZATION_LEVEL = 0;
				GCC_PREPROCESSOR_DEFINITIONS = (
					"DEBUG=1",
					"$(inherited)",
				);
				GCC_WARN_64_TO_32_BIT_CONVERSION = YES;
				GCC_WARN_ABOUT_RETURN_TYPE = YES_ERROR;
				GCC_WARN_UNDECLARED_SELECTOR = YES;
				GCC_WARN_UNINITIALIZED_AUTOS = YES_AGGRESSIVE;
				GCC_WARN_UNUSED_FUNCTION = YES;
				GCC_WARN_UNUSED_VARIABLE = YES;
				IPHONEOS_DEPLOYMENT_TARGET = 11.2;
				MTL_ENABLE_DEBUG_INFO = YES;
				ONLY_ACTIVE_ARCH = YES;
				SDKROOT = iphoneos;
				SWIFT_ACTIVE_COMPILATION_CONDITIONS = DEBUG;
				SWIFT_OPTIMIZATION_LEVEL = "-Onone";
			};
			name = Debug;
		};
		7A1F7C872028110E00F9D809 /* Release */ = {
			isa = XCBuildConfiguration;
			buildSettings = {
				ALWAYS_SEARCH_USER_PATHS = NO;
				CLANG_ANALYZER_NONNULL = YES;
				CLANG_ANALYZER_NUMBER_OBJECT_CONVERSION = YES_AGGRESSIVE;
				CLANG_CXX_LANGUAGE_STANDARD = "gnu++14";
				CLANG_CXX_LIBRARY = "libc++";
				CLANG_ENABLE_MODULES = YES;
				CLANG_ENABLE_OBJC_ARC = YES;
				CLANG_WARN_BLOCK_CAPTURE_AUTORELEASING = YES;
				CLANG_WARN_BOOL_CONVERSION = YES;
				CLANG_WARN_COMMA = YES;
				CLANG_WARN_CONSTANT_CONVERSION = YES;
				CLANG_WARN_DIRECT_OBJC_ISA_USAGE = YES_ERROR;
				CLANG_WARN_DOCUMENTATION_COMMENTS = YES;
				CLANG_WARN_EMPTY_BODY = YES;
				CLANG_WARN_ENUM_CONVERSION = YES;
				CLANG_WARN_INFINITE_RECURSION = YES;
				CLANG_WARN_INT_CONVERSION = YES;
				CLANG_WARN_NON_LITERAL_NULL_CONVERSION = YES;
				CLANG_WARN_OBJC_LITERAL_CONVERSION = YES;
				CLANG_WARN_OBJC_ROOT_CLASS = YES_ERROR;
				CLANG_WARN_RANGE_LOOP_ANALYSIS = YES;
				CLANG_WARN_STRICT_PROTOTYPES = YES;
				CLANG_WARN_SUSPICIOUS_MOVE = YES;
				CLANG_WARN_UNGUARDED_AVAILABILITY = YES_AGGRESSIVE;
				CLANG_WARN_UNREACHABLE_CODE = YES;
				CLANG_WARN__DUPLICATE_METHOD_MATCH = YES;
				CODE_SIGN_IDENTITY = "iPhone Developer";
				COPY_PHASE_STRIP = NO;
				DEBUG_INFORMATION_FORMAT = "dwarf-with-dsym";
				ENABLE_NS_ASSERTIONS = NO;
				ENABLE_STRICT_OBJC_MSGSEND = YES;
				GCC_C_LANGUAGE_STANDARD = gnu11;
				GCC_NO_COMMON_BLOCKS = YES;
				GCC_WARN_64_TO_32_BIT_CONVERSION = YES;
				GCC_WARN_ABOUT_RETURN_TYPE = YES_ERROR;
				GCC_WARN_UNDECLARED_SELECTOR = YES;
				GCC_WARN_UNINITIALIZED_AUTOS = YES_AGGRESSIVE;
				GCC_WARN_UNUSED_FUNCTION = YES;
				GCC_WARN_UNUSED_VARIABLE = YES;
				IPHONEOS_DEPLOYMENT_TARGET = 11.2;
				MTL_ENABLE_DEBUG_INFO = NO;
				SDKROOT = iphoneos;
				SWIFT_OPTIMIZATION_LEVEL = "-Owholemodule";
				VALIDATE_PRODUCT = YES;
			};
			name = Release;
		};
		7A1F7C892028110E00F9D809 /* Debug */ = {
			isa = XCBuildConfiguration;
			buildSettings = {
				ASSETCATALOG_COMPILER_APPICON_NAME = AppIcon;
				CODE_SIGN_STYLE = Automatic;
				INFOPLIST_FILE = ScientificCalculator/Info.plist;
				LD_RUNPATH_SEARCH_PATHS = "$(inherited) @executable_path/Frameworks";
				PRODUCT_BUNDLE_IDENTIFIER = Grant.Gaurav.ScientificCalculator;
				PRODUCT_NAME = "$(TARGET_NAME)";
				SWIFT_VERSION = 4.0;
				TARGETED_DEVICE_FAMILY = "1,2";
			};
			name = Debug;
		};
		7A1F7C8A2028110E00F9D809 /* Release */ = {
			isa = XCBuildConfiguration;
			buildSettings = {
				ASSETCATALOG_COMPILER_APPICON_NAME = AppIcon;
				CODE_SIGN_STYLE = Automatic;
				INFOPLIST_FILE = ScientificCalculator/Info.plist;
				LD_RUNPATH_SEARCH_PATHS = "$(inherited) @executable_path/Frameworks";
				PRODUCT_BUNDLE_IDENTIFIER = Grant.Gaurav.ScientificCalculator;
				PRODUCT_NAME = "$(TARGET_NAME)";
				SWIFT_VERSION = 4.0;
				TARGETED_DEVICE_FAMILY = "1,2";
			};
			name = Release;
		};
		7A1F7C8C2028110E00F9D809 /* Debug */ = {
			isa = XCBuildConfiguration;
			buildSettings = {
				ALWAYS_EMBED_SWIFT_STANDARD_LIBRARIES = YES;
				BUNDLE_LOADER = "$(TEST_HOST)";
				CODE_SIGN_STYLE = Automatic;
				INFOPLIST_FILE = ScientificCalculatorTests/Info.plist;
				LD_RUNPATH_SEARCH_PATHS = "$(inherited) @executable_path/Frameworks @loader_path/Frameworks";
				PRODUCT_BUNDLE_IDENTIFIER = Grant.Gaurav.ScientificCalculatorTests;
				PRODUCT_NAME = "$(TARGET_NAME)";
				SWIFT_VERSION = 4.0;
				TARGETED_DEVICE_FAMILY = "1,2";
				TEST_HOST = "$(BUILT_PRODUCTS_DIR)/ScientificCalculator.app/ScientificCalculator";
			};
			name = Debug;
		};
		7A1F7C8D2028110E00F9D809 /* Release */ = {
			isa = XCBuildConfiguration;
			buildSettings = {
				ALWAYS_EMBED_SWIFT_STANDARD_LIBRARIES = YES;
				BUNDLE_LOADER = "$(TEST_HOST)";
				CODE_SIGN_STYLE = Automatic;
				INFOPLIST_FILE = ScientificCalculatorTests/Info.plist;
				LD_RUNPATH_SEARCH_PATHS = "$(inherited) @executable_path/Frameworks @loader_path/Frameworks";
				PRODUCT_BUNDLE_IDENTIFIER = Grant.Gaurav.ScientificCalculatorTests;
				PRODUCT_NAME = "$(TARGET_NAME)";
				SWIFT_VERSION = 4.0;
				TARGETED_DEVICE_FAMILY = "1,2";
				TEST_HOST = "$(BUILT_PRODUCTS_DIR)/ScientificCalculator.app/ScientificCalculator";
			};
			name = Release;
		};
		7A1F7C8F2028110E00F9D809 /* Debug */ = {
			isa = XCBuildConfiguration;
			buildSettings = {
				ALWAYS_EMBED_SWIFT_STANDARD_LIBRARIES = YES;
				CODE_SIGN_STYLE = Automatic;
				INFOPLIST_FILE = ScientificCalculatorUITests/Info.plist;
				LD_RUNPATH_SEARCH_PATHS = "$(inherited) @executable_path/Frameworks @loader_path/Frameworks";
				PRODUCT_BUNDLE_IDENTIFIER = Grant.Gaurav.ScientificCalculatorUITests;
				PRODUCT_NAME = "$(TARGET_NAME)";
				SWIFT_VERSION = 4.0;
				TARGETED_DEVICE_FAMILY = "1,2";
				TEST_TARGET_NAME = ScientificCalculator;
			};
			name = Debug;
		};
		7A1F7C902028110E00F9D809 /* Release */ = {
			isa = XCBuildConfiguration;
			buildSettings = {
				ALWAYS_EMBED_SWIFT_STANDARD_LIBRARIES = YES;
				CODE_SIGN_STYLE = Automatic;
				INFOPLIST_FILE = ScientificCalculatorUITests/Info.plist;
				LD_RUNPATH_SEARCH_PATHS = "$(inherited) @executable_path/Frameworks @loader_path/Frameworks";
				PRODUCT_BUNDLE_IDENTIFIER = Grant.Gaurav.ScientificCalculatorUITests;
				PRODUCT_NAME = "$(TARGET_NAME)";
				SWIFT_VERSION = 4.0;
				TARGETED_DEVICE_FAMILY = "1,2";
				TEST_TARGET_NAME = ScientificCalculator;
			};
			name = Release;
		};
/* End XCBuildConfiguration section */

/* Begin XCConfigurationList section */
		7A1F7C5B2028110E00F9D809 /* Build configuration list for PBXProject "ScientificCalculator" */ = {
			isa = XCConfigurationList;
			buildConfigurations = (
				7A1F7C862028110E00F9D809 /* Debug */,
				7A1F7C872028110E00F9D809 /* Release */,
			);
			defaultConfigurationIsVisible = 0;
			defaultConfigurationName = Release;
		};
		7A1F7C882028110E00F9D809 /* Build configuration list for PBXNativeTarget "ScientificCalculator" */ = {
			isa = XCConfigurationList;
			buildConfigurations = (
				7A1F7C892028110E00F9D809 /* Debug */,
				7A1F7C8A2028110E00F9D809 /* Release */,
			);
			defaultConfigurationIsVisible = 0;
			defaultConfigurationName = Release;
		};
		7A1F7C8B2028110E00F9D809 /* Build configuration list for PBXNativeTarget "ScientificCalculatorTests" */ = {
			isa = XCConfigurationList;
			buildConfigurations = (
				7A1F7C8C2028110E00F9D809 /* Debug */,
				7A1F7C8D2028110E00F9D809 /* Release */,
			);
			defaultConfigurationIsVisible = 0;
			defaultConfigurationName = Release;
		};
		7A1F7C8E2028110E00F9D809 /* Build configuration list for PBXNativeTarget "ScientificCalculatorUITests" */ = {
			isa = XCConfigurationList;
			buildConfigurations = (
				7A1F7C8F2028110E00F9D809 /* Debug */,
				7A1F7C902028110E00F9D809 /* Release */,
			);
			defaultConfigurationIsVisible = 0;
			defaultConfigurationName = Release;
		};
/* End XCConfigurationList section */
	};
	rootObject = 7A1F7C582028110E00F9D809 /* Project object */;
}
